{
  "version": 4,
  "terraform_version": "1.5.4",
  "serial": 14,
  "lineage": "fdf7d71a-eda9-e0e8-c174-6d186fbc147e",
  "outputs": {},
  "resources": [
    {
      "mode": "data",
      "type": "google_container_engine_versions",
      "name": "gke_version",
      "provider": "provider[\"registry.terraform.io/hashicorp/google\"]",
      "instances": [
        {
          "schema_version": 0,
          "attributes": {
            "default_cluster_version": "1.27.3-gke.100",
            "id": "2023-08-09 18:37:08.9382826 +0000 UTC",
            "latest_master_version": "1.27.4-gke.900",
            "latest_node_version": "1.27.4-gke.900",
            "location": "europe-west3",
            "project": null,
            "release_channel_default_version": {
              "RAPID": "1.27.3-gke.1700",
              "REGULAR": "1.27.3-gke.100",
              "STABLE": "1.27.3-gke.100"
            },
            "release_channel_latest_version": {
              "RAPID": "1.27.4-gke.900",
              "REGULAR": "1.27.3-gke.1700",
              "STABLE": "1.27.3-gke.1700"
            },
            "valid_master_versions": [
              "1.27.4-gke.900",
              "1.27.3-gke.1700",
              "1.27.3-gke.100",
              "1.27.2-gke.2100",
              "1.27.2-gke.1200"
            ],
            "valid_node_versions": [
              "1.27.4-gke.900",
              "1.27.3-gke.1700",
              "1.27.3-gke.100",
              "1.27.2-gke.2100",
              "1.27.2-gke.1200"
            ],
            "version_prefix": "1.27."
          },
          "sensitive_attributes": []
        }
      ]
    },
    {
      "mode": "managed",
      "type": "google_compute_global_address",
      "name": "private_ip_address",
      "provider": "provider[\"registry.terraform.io/hashicorp/google\"]",
      "instances": [
        {
          "schema_version": 0,
          "attributes": {
            "address": "10.41.0.0",
            "address_type": "INTERNAL",
            "creation_timestamp": "2023-08-09T09:47:09.767-07:00",
            "description": "",
            "id": "projects/meta-falcon-395212/global/addresses/private-ip-address",
            "ip_version": "",
            "name": "private-ip-address",
            "network": "https://www.googleapis.com/compute/v1/projects/meta-falcon-395212/global/networks/meta-falcon-395212-vpc",
            "prefix_length": 16,
            "project": "meta-falcon-395212",
            "purpose": "VPC_PEERING",
            "self_link": "https://www.googleapis.com/compute/v1/projects/meta-falcon-395212/global/addresses/private-ip-address",
            "timeouts": null
          },
          "sensitive_attributes": [],
          "private": "eyJlMmJmYjczMC1lY2FhLTExZTYtOGY4OC0zNDM2M2JjN2M0YzAiOnsiY3JlYXRlIjoxMjAwMDAwMDAwMDAwLCJkZWxldGUiOjEyMDAwMDAwMDAwMDB9fQ==",
          "dependencies": [
            "google_compute_network.vpc"
          ]
        }
      ]
    },
    {
      "mode": "managed",
      "type": "google_compute_network",
      "name": "vpc",
      "provider": "provider[\"registry.terraform.io/hashicorp/google\"]",
      "instances": [
        {
          "schema_version": 0,
          "attributes": {
            "auto_create_subnetworks": false,
            "delete_default_routes_on_create": false,
            "description": "",
            "enable_ula_internal_ipv6": false,
            "gateway_ipv4": "",
            "id": "projects/meta-falcon-395212/global/networks/meta-falcon-395212-vpc",
            "internal_ipv6_range": "",
            "mtu": 0,
            "name": "meta-falcon-395212-vpc",
            "network_firewall_policy_enforcement_order": "AFTER_CLASSIC_FIREWALL",
            "project": "meta-falcon-395212",
            "routing_mode": "REGIONAL",
            "self_link": "https://www.googleapis.com/compute/v1/projects/meta-falcon-395212/global/networks/meta-falcon-395212-vpc",
            "timeouts": null
          },
          "sensitive_attributes": [],
          "private": "eyJlMmJmYjczMC1lY2FhLTExZTYtOGY4OC0zNDM2M2JjN2M0YzAiOnsiY3JlYXRlIjoxMjAwMDAwMDAwMDAwLCJkZWxldGUiOjEyMDAwMDAwMDAwMDAsInVwZGF0ZSI6MTIwMDAwMDAwMDAwMH19"
        }
      ]
    },
    {
      "mode": "managed",
      "type": "google_compute_subnetwork",
      "name": "subnet",
      "provider": "provider[\"registry.terraform.io/hashicorp/google\"]",
      "instances": [
        {
          "schema_version": 0,
          "attributes": {
            "creation_timestamp": "2023-08-09T08:39:16.487-07:00",
            "description": "",
            "external_ipv6_prefix": "",
            "fingerprint": null,
            "gateway_address": "10.10.0.1",
            "id": "projects/meta-falcon-395212/regions/europe-west3/subnetworks/meta-falcon-395212-subnet",
            "ip_cidr_range": "10.10.0.0/24",
            "ipv6_access_type": "",
            "ipv6_cidr_range": "",
            "log_config": [],
            "name": "meta-falcon-395212-subnet",
            "network": "https://www.googleapis.com/compute/v1/projects/meta-falcon-395212/global/networks/meta-falcon-395212-vpc",
            "private_ip_google_access": false,
            "private_ipv6_google_access": "DISABLE_GOOGLE_ACCESS",
            "project": "meta-falcon-395212",
            "purpose": "PRIVATE",
            "region": "europe-west3",
            "role": "",
            "secondary_ip_range": [],
            "self_link": "https://www.googleapis.com/compute/v1/projects/meta-falcon-395212/regions/europe-west3/subnetworks/meta-falcon-395212-subnet",
            "stack_type": "IPV4_ONLY",
            "timeouts": null
          },
          "sensitive_attributes": [],
          "private": "eyJlMmJmYjczMC1lY2FhLTExZTYtOGY4OC0zNDM2M2JjN2M0YzAiOnsiY3JlYXRlIjoxMjAwMDAwMDAwMDAwLCJkZWxldGUiOjEyMDAwMDAwMDAwMDAsInVwZGF0ZSI6MTIwMDAwMDAwMDAwMH19",
          "dependencies": [
            "google_compute_network.vpc"
          ]
        }
      ]
    },
    {
      "mode": "managed",
      "type": "google_container_cluster",
      "name": "gke_cluster",
      "provider": "provider[\"registry.terraform.io/hashicorp/google\"]",
      "instances": [
        {
          "schema_version": 1,
          "attributes": {
            "addons_config": [
              {
                "cloudrun_config": [],
                "config_connector_config": [],
                "dns_cache_config": [],
                "gce_persistent_disk_csi_driver_config": [
                  {
                    "enabled": true
                  }
                ],
                "gcp_filestore_csi_driver_config": [],
                "gcs_fuse_csi_driver_config": [],
                "gke_backup_agent_config": [],
                "horizontal_pod_autoscaling": [],
                "http_load_balancing": [],
                "network_policy_config": [
                  {
                    "disabled": true
                  }
                ]
              }
            ],
            "allow_net_admin": null,
            "authenticator_groups_config": [],
            "binary_authorization": [
              {
                "enabled": false,
                "evaluation_mode": ""
              }
            ],
            "cluster_autoscaling": [
              {
                "auto_provisioning_defaults": [],
                "enabled": false,
                "resource_limits": []
              }
            ],
            "cluster_ipv4_cidr": "10.0.0.0/14",
            "confidential_nodes": [],
            "cost_management_config": [],
            "database_encryption": [
              {
                "key_name": "",
                "state": "DECRYPTED"
              }
            ],
            "datapath_provider": "",
            "default_max_pods_per_node": null,
            "default_snat_status": [
              {
                "disabled": false
              }
            ],
            "description": "",
            "dns_config": [],
            "enable_autopilot": false,
            "enable_binary_authorization": false,
            "enable_intranode_visibility": false,
            "enable_kubernetes_alpha": false,
            "enable_l4_ilb_subsetting": false,
            "enable_legacy_abac": false,
            "enable_shielded_nodes": true,
            "enable_tpu": false,
            "endpoint": "34.107.78.65",
            "gateway_api_config": [],
            "id": "projects/meta-falcon-395212/locations/europe-west3-a/clusters/meta-falcon-395212-gke-cluster",
            "initial_node_count": 2,
            "ip_allocation_policy": [],
            "label_fingerprint": "a9dc16a7",
            "location": "europe-west3-a",
            "logging_config": [
              {
                "enable_components": [
                  "SYSTEM_COMPONENTS",
                  "WORKLOADS"
                ]
              }
            ],
            "logging_service": "logging.googleapis.com/kubernetes",
            "maintenance_policy": [],
            "master_auth": [
              {
                "client_certificate": "",
                "client_certificate_config": [
                  {
                    "issue_client_certificate": false
                  }
                ],
                "client_key": "",
                "cluster_ca_certificate": "LS0tLS1CRUdJTiBDRVJUSUZJQ0FURS0tLS0tCk1JSUVMVENDQXBXZ0F3SUJBZ0lSQUxVNzYyOWt4TVdIRXhFNkZyTXdhVWt3RFFZSktvWklodmNOQVFFTEJRQXcKTHpFdE1Dc0dBMVVFQXhNa09UUXlZVGcxT1RZdE1XVmlOUzAwTVdZekxUa3dOekF0TkRJek5tWXlOMkk1TVdWaQpNQ0FYRFRJek1EZ3dPVEUwTXpnMU0xb1lEekl3TlRNd09EQXhNVFV6T0RVeldqQXZNUzB3S3dZRFZRUURFeVE1Ck5ESmhPRFU1TmkweFpXSTFMVFF4WmpNdE9UQTNNQzAwTWpNMlpqSTNZamt4WldJd2dnR2lNQTBHQ1NxR1NJYjMKRFFFQkFRVUFBNElCandBd2dnR0tBb0lCZ1FDNDM5dWcrdVFpb1FGQ29ndjI0NnR2QmFyam9NRHdINWtHeHNBMgp1bVgyakhVV05LTVl1Vy9jbUllS1ZLZngwQWlCU3owTWZMaE9GSXJMM3FDMENqNlBHUUg0eE10Q3haYVpTcW9OCk1rdGQ0eXFkczBWWUxMYUhVcWxoNlRtNENjZmpBM3NLVUVMRlhvaGxtQlkvN1Q3MU1tTTQ1TFdXWUFHY1A2aUgKTHBMamdSMHZGOHFScTJIaXhCMmxIQmxPMHVCVjAvLy90Q2FGelNDZ045S3IwREYrTlEvQ2RWVGNBTi8yQ3JkNgpOWDJHUmR4amw3Q1RldHZuUnNpMnN4RU5OVzEvT3NPZ2hrdUVQaEJMN3dycXRIaVVmZ3NFQzF5SC9OUnpUT01QCkpWckx5aW4rTXU5TkZUYWpGbDZaemxscm1uZ0JIczZCZytMUjJWdUxpUzZwQ1dTVVptaE5Qd2dRMzhYN3YyK3YKY0t5d082dXh1QlM2VzNBMmNCeGorb3dQTXlPaTVKZ2FuVjJ4NGxvejF2ZTJHRVFHVzFYK1NzdFdmeUE3T2ZCeQpUN2tuY1MzUE9WS3UzZm5RQnJrUWJNblVuNGpiRk5hKzBkcHc3SmRydEFzSk5GMlVzUndGZ3ZmbVpucEhRaUdOCkxLMDZWQnU2bGJ4Q2RuRTdENGNMMXNzQjcwc0NBd0VBQWFOQ01FQXdEZ1lEVlIwUEFRSC9CQVFEQWdJRU1BOEcKQTFVZEV3RUIvd1FGTUFNQkFmOHdIUVlEVlIwT0JCWUVGTFgyWXlVRGFLT1lXVUJpOXBCTkFJUWZOY1J6TUEwRwpDU3FHU0liM0RRRUJDd1VBQTRJQmdRQmlxcEN2SXdEWmF0TVJielp6SkxxTzRLc0dvYWdMVEY1SDRJVUUzbFNECjBIanZwU1RFSGJNVWRHcFc1MFdPblB5MlE4cXpUQXZPV2NHRWlCS0tOMGR4aHlpMHlEbnVhb3dLVlkyZjlxSWIKZzByb3hwT0luZFRXazJaWFlwbll4N2dtMFUzK3A4Ymtycks3T3lEaW9OK3ViT1IwTWxIMFFhTjJsZ1JvcGFBUQp6QzVaNWdmOHg4WmYyRzVNT1lKL2VhYThIcDNCYXdpNWpHYWNpaFNwWjBZUFhIdDdLYWdEMVIvU0FqNENYdFAwCmR3YmRGb1k5Q1E2Q0dzZmRGVDkyNTFGb0NDTm0wZTRXaVJ1dXgzekVRUWh2NU9zZ0Nzb3RkZUpueC9yK3dkUk0KRkNodjVNbTl4dU50WVZhbU1YNktHbkNMMDR4SjE2cXEwaWQySFZGRWZJOUJ3Nk5WRUk1ekJSRlo0ZlZWcW9CMApuV1ZUY2VSRHJveXJlcE55OEFsU3V1M1BXcVVQNlZoblNSbHI3ZU9iUjdQNUNYVjMwSVBCZmRtYUhJdlFqNTV1Cm0yUTZML1l2MUVXQlVQanVsbmYrcHNqSm1YUnlKb3YyTDFUYk9WcVdzVFdNbUhtTFNuTEUvRTIwcitJNG9UT3IKY2ZQaEJNMVJ3VWhWZnkzWUFXOXRQbzg9Ci0tLS0tRU5EIENFUlRJRklDQVRFLS0tLS0K"
              }
            ],
            "master_authorized_networks_config": [],
            "master_version": "1.27.3-gke.100",
            "mesh_certificates": [],
            "min_master_version": null,
            "monitoring_config": [
              {
                "enable_components": [
                  "SYSTEM_COMPONENTS"
                ],
                "managed_prometheus": [
                  {
                    "enabled": true
                  }
                ]
              }
            ],
            "monitoring_service": "monitoring.googleapis.com/kubernetes",
            "name": "meta-falcon-395212-gke-cluster",
            "network": "projects/meta-falcon-395212/global/networks/default",
            "network_policy": [
              {
                "enabled": false,
                "provider": "PROVIDER_UNSPECIFIED"
              }
            ],
            "networking_mode": "ROUTES",
            "node_config": [
              {
                "advanced_machine_features": [],
                "boot_disk_kms_key": "",
                "disk_size_gb": 100,
                "disk_type": "pd-balanced",
                "ephemeral_storage_local_ssd_config": [],
                "gcfs_config": [],
                "guest_accelerator": [],
                "gvnic": [],
                "image_type": "COS_CONTAINERD",
                "kubelet_config": [],
                "labels": {
                  "env": "meta-falcon-395212"
                },
                "linux_node_config": [],
                "local_nvme_ssd_block_config": [],
                "local_ssd_count": 0,
                "logging_variant": "DEFAULT",
                "machine_type": "e2-micro",
                "metadata": {
                  "disable-legacy-endpoints": "true"
                },
                "min_cpu_platform": "",
                "node_group": "",
                "oauth_scopes": [
                  "https://www.googleapis.com/auth/cloud-platform",
                  "https://www.googleapis.com/auth/logging.write",
                  "https://www.googleapis.com/auth/monitoring"
                ],
                "preemptible": false,
                "reservation_affinity": [],
                "resource_labels": {},
                "service_account": "default",
                "shielded_instance_config": [
                  {
                    "enable_integrity_monitoring": true,
                    "enable_secure_boot": false
                  }
                ],
                "sole_tenant_config": [],
                "spot": false,
                "tags": [
                  "gke-node",
                  "meta-falcon-395212-gke"
                ],
                "taint": [],
                "workload_metadata_config": []
              }
            ],
            "node_locations": [],
            "node_pool": [
              {
                "autoscaling": [
                  {
                    "location_policy": "BALANCED",
                    "max_node_count": 7,
                    "min_node_count": 2,
                    "total_max_node_count": 0,
                    "total_min_node_count": 0
                  }
                ],
                "initial_node_count": 2,
                "instance_group_urls": [
                  "https://www.googleapis.com/compute/v1/projects/meta-falcon-395212/zones/europe-west3-a/instanceGroupManagers/gke-meta-falcon-3952-meta-falcon-3952-7706c669-grp"
                ],
                "managed_instance_group_urls": [
                  "https://www.googleapis.com/compute/v1/projects/meta-falcon-395212/zones/europe-west3-a/instanceGroups/gke-meta-falcon-3952-meta-falcon-3952-7706c669-grp"
                ],
                "management": [
                  {
                    "auto_repair": true,
                    "auto_upgrade": true
                  }
                ],
                "max_pods_per_node": 0,
                "name": "meta-falcon-395212-gke-cluster",
                "name_prefix": "",
                "network_config": [
                  {
                    "create_pod_range": false,
                    "enable_private_nodes": false,
                    "pod_cidr_overprovision_config": [],
                    "pod_ipv4_cidr_block": "",
                    "pod_range": ""
                  }
                ],
                "node_config": [
                  {
                    "advanced_machine_features": [],
                    "boot_disk_kms_key": "",
                    "disk_size_gb": 100,
                    "disk_type": "pd-balanced",
                    "ephemeral_storage_local_ssd_config": [],
                    "gcfs_config": [],
                    "guest_accelerator": [],
                    "gvnic": [],
                    "image_type": "COS_CONTAINERD",
                    "kubelet_config": [],
                    "labels": {
                      "env": "meta-falcon-395212"
                    },
                    "linux_node_config": [],
                    "local_nvme_ssd_block_config": [],
                    "local_ssd_count": 0,
                    "logging_variant": "DEFAULT",
                    "machine_type": "e2-micro",
                    "metadata": {
                      "disable-legacy-endpoints": "true"
                    },
                    "min_cpu_platform": "",
                    "node_group": "",
                    "oauth_scopes": [
                      "https://www.googleapis.com/auth/cloud-platform",
                      "https://www.googleapis.com/auth/logging.write",
                      "https://www.googleapis.com/auth/monitoring"
                    ],
                    "preemptible": false,
                    "reservation_affinity": [],
                    "resource_labels": {},
                    "service_account": "default",
                    "shielded_instance_config": [
                      {
                        "enable_integrity_monitoring": true,
                        "enable_secure_boot": false
                      }
                    ],
                    "sole_tenant_config": [],
                    "spot": false,
                    "tags": [
                      "gke-node",
                      "meta-falcon-395212-gke"
                    ],
                    "taint": [],
                    "workload_metadata_config": []
                  }
                ],
                "node_count": 5,
                "node_locations": [
                  "europe-west3-a"
                ],
                "placement_policy": [],
                "upgrade_settings": [
                  {
                    "blue_green_settings": [],
                    "max_surge": 1,
                    "max_unavailable": 0,
                    "strategy": "SURGE"
                  }
                ],
                "version": "1.27.3-gke.1700"
              }
            ],
            "node_pool_defaults": [
              {
                "node_config_defaults": [
                  {
                    "logging_variant": "DEFAULT"
                  }
                ]
              }
            ],
            "node_version": "1.27.3-gke.1700",
            "notification_config": [
              {
                "pubsub": [
                  {
                    "enabled": false,
                    "filter": [],
                    "topic": ""
                  }
                ]
              }
            ],
            "operation": null,
            "private_cluster_config": [
              {
                "enable_private_endpoint": false,
                "enable_private_nodes": false,
                "master_global_access_config": [
                  {
                    "enabled": false
                  }
                ],
                "master_ipv4_cidr_block": "",
                "peering_name": "",
                "private_endpoint": "10.156.0.2",
                "private_endpoint_subnetwork": "",
                "public_endpoint": "34.107.78.65"
              }
            ],
            "private_ipv6_google_access": "",
            "project": "meta-falcon-395212",
            "release_channel": [
              {
                "channel": "REGULAR"
              }
            ],
            "remove_default_node_pool": true,
            "resource_labels": {},
            "resource_usage_export_config": [],
            "security_posture_config": [
              {
                "mode": "MODE_UNSPECIFIED",
                "vulnerability_mode": "VULNERABILITY_MODE_UNSPECIFIED"
              }
            ],
            "self_link": "https://container.googleapis.com/v1/projects/meta-falcon-395212/zones/europe-west3-a/clusters/meta-falcon-395212-gke-cluster",
            "service_external_ips_config": [
              {
                "enabled": false
              }
            ],
            "services_ipv4_cidr": "10.3.240.0/20",
            "subnetwork": "projects/meta-falcon-395212/regions/europe-west3/subnetworks/default",
            "timeouts": null,
            "tpu_ipv4_cidr_block": "",
            "vertical_pod_autoscaling": [],
            "workload_identity_config": []
          },
          "sensitive_attributes": [],
          "private": "eyJlMmJmYjczMC1lY2FhLTExZTYtOGY4OC0zNDM2M2JjN2M0YzAiOnsiY3JlYXRlIjoyNDAwMDAwMDAwMDAwLCJkZWxldGUiOjI0MDAwMDAwMDAwMDAsInJlYWQiOjI0MDAwMDAwMDAwMDAsInVwZGF0ZSI6MzYwMDAwMDAwMDAwMH0sInNjaGVtYV92ZXJzaW9uIjoiMSJ9"
        }
      ]
    },
    {
      "mode": "managed",
      "type": "google_container_node_pool",
      "name": "gke_node_pool",
      "provider": "provider[\"registry.terraform.io/hashicorp/google\"]",
      "instances": [
        {
          "schema_version": 1,
          "attributes": {
            "autoscaling": [
              {
                "location_policy": "BALANCED",
                "max_node_count": 7,
                "min_node_count": 2,
                "total_max_node_count": 0,
                "total_min_node_count": 0
              }
            ],
            "cluster": "meta-falcon-395212-gke-cluster",
            "id": "projects/meta-falcon-395212/locations/europe-west3-a/clusters/meta-falcon-395212-gke-cluster/nodePools/meta-falcon-395212-gke-cluster",
            "initial_node_count": 2,
            "instance_group_urls": [
              "https://www.googleapis.com/compute/v1/projects/meta-falcon-395212/zones/europe-west3-a/instanceGroupManagers/gke-meta-falcon-3952-meta-falcon-3952-7706c669-grp"
            ],
            "location": "europe-west3-a",
            "managed_instance_group_urls": [
              "https://www.googleapis.com/compute/v1/projects/meta-falcon-395212/zones/europe-west3-a/instanceGroups/gke-meta-falcon-3952-meta-falcon-3952-7706c669-grp"
            ],
            "management": [
              {
                "auto_repair": true,
                "auto_upgrade": true
              }
            ],
            "max_pods_per_node": null,
            "name": "meta-falcon-395212-gke-cluster",
            "name_prefix": "",
            "network_config": [
              {
                "create_pod_range": false,
                "enable_private_nodes": false,
                "pod_cidr_overprovision_config": [],
                "pod_ipv4_cidr_block": "",
                "pod_range": ""
              }
            ],
            "node_config": [
              {
                "advanced_machine_features": [],
                "boot_disk_kms_key": "",
                "disk_size_gb": 100,
                "disk_type": "pd-balanced",
                "ephemeral_storage_local_ssd_config": [],
                "gcfs_config": [],
                "guest_accelerator": [],
                "gvnic": [],
                "image_type": "COS_CONTAINERD",
                "kubelet_config": [],
                "labels": {
                  "env": "meta-falcon-395212"
                },
                "linux_node_config": [],
                "local_nvme_ssd_block_config": [],
                "local_ssd_count": 0,
                "logging_variant": "DEFAULT",
                "machine_type": "e2-micro",
                "metadata": {
                  "disable-legacy-endpoints": "true"
                },
                "min_cpu_platform": "",
                "node_group": "",
                "oauth_scopes": [
                  "https://www.googleapis.com/auth/cloud-platform",
                  "https://www.googleapis.com/auth/logging.write",
                  "https://www.googleapis.com/auth/monitoring"
                ],
                "preemptible": false,
                "reservation_affinity": [],
                "resource_labels": {},
                "service_account": "default",
                "shielded_instance_config": [
                  {
                    "enable_integrity_monitoring": true,
                    "enable_secure_boot": false
                  }
                ],
                "sole_tenant_config": [],
                "spot": false,
                "tags": [
                  "gke-node",
                  "meta-falcon-395212-gke"
                ],
                "taint": [],
                "workload_metadata_config": []
              }
            ],
            "node_count": 2,
            "node_locations": [
              "europe-west3-a"
            ],
            "operation": null,
            "placement_policy": [],
            "project": "meta-falcon-395212",
            "timeouts": null,
            "upgrade_settings": [
              {
                "blue_green_settings": [],
                "max_surge": 1,
                "max_unavailable": 0,
                "strategy": "SURGE"
              }
            ],
            "version": "1.27.3-gke.1700"
          },
          "sensitive_attributes": [],
          "private": "eyJlMmJmYjczMC1lY2FhLTExZTYtOGY4OC0zNDM2M2JjN2M0YzAiOnsiY3JlYXRlIjoxODAwMDAwMDAwMDAwLCJkZWxldGUiOjE4MDAwMDAwMDAwMDAsInVwZGF0ZSI6MTgwMDAwMDAwMDAwMH0sInNjaGVtYV92ZXJzaW9uIjoiMSJ9",
          "dependencies": [
            "data.google_container_engine_versions.gke_version",
            "google_container_cluster.gke_cluster"
          ]
        }
      ]
    },
    {
      "mode": "managed",
      "type": "google_service_networking_connection",
      "name": "private_vpc_connection",
      "provider": "provider[\"registry.terraform.io/hashicorp/google\"]",
      "instances": [
        {
          "schema_version": 0,
          "attributes": {
            "id": "https%3A%2F%2Fwww.googleapis.com%2Fcompute%2Fv1%2Fprojects%2Fmeta-falcon-395212%2Fglobal%2Fnetworks%2Fmeta-falcon-395212-vpc:servicenetworking.googleapis.com",
            "network": "https://www.googleapis.com/compute/v1/projects/meta-falcon-395212/global/networks/meta-falcon-395212-vpc",
            "peering": "servicenetworking-googleapis-com",
            "reserved_peering_ranges": [
              "private-ip-address"
            ],
            "service": "servicenetworking.googleapis.com",
            "timeouts": null
          },
          "sensitive_attributes": [],
          "private": "eyJlMmJmYjczMC1lY2FhLTExZTYtOGY4OC0zNDM2M2JjN2M0YzAiOnsiY3JlYXRlIjo2MDAwMDAwMDAwMDAsImRlbGV0ZSI6NjAwMDAwMDAwMDAwLCJ1cGRhdGUiOjYwMDAwMDAwMDAwMH19",
          "dependencies": [
            "google_compute_global_address.private_ip_address",
            "google_compute_network.vpc"
          ]
        }
      ]
    },
    {
      "mode": "managed",
      "type": "google_sql_database_instance",
      "name": "cloud_sql_instance",
      "provider": "provider[\"registry.terraform.io/hashicorp/google\"]",
      "instances": [
        {
          "schema_version": 0,
          "attributes": {
            "available_maintenance_versions": [],
            "clone": [],
            "connection_name": "meta-falcon-395212:europe-west3:firstproject-cloud-sql-instance",
            "database_version": "MYSQL_5_7",
            "deletion_protection": true,
            "encryption_key_name": null,
            "first_ip_address": "34.159.177.59",
            "id": "firstproject-cloud-sql-instance",
            "instance_type": "CLOUD_SQL_INSTANCE",
            "ip_address": [
              {
                "ip_address": "34.159.177.59",
                "time_to_retire": "",
                "type": "PRIMARY"
              },
              {
                "ip_address": "10.41.0.3",
                "time_to_retire": "",
                "type": "PRIVATE"
              }
            ],
            "maintenance_version": "MYSQL_5_7_42.R20230530.03_11",
            "master_instance_name": "",
            "name": "firstproject-cloud-sql-instance",
            "private_ip_address": "10.41.0.3",
            "project": "meta-falcon-395212",
            "public_ip_address": "34.159.177.59",
            "region": "europe-west3",
            "replica_configuration": [],
            "restore_backup_context": [],
            "root_password": null,
            "self_link": "https://sqladmin.googleapis.com/sql/v1beta4/projects/meta-falcon-395212/instances/firstproject-cloud-sql-instance",
            "server_ca_cert": [
              {
                "cert": "-----BEGIN CERTIFICATE-----\nMIIDfzCCAmegAwIBAgIBADANBgkqhkiG9w0BAQsFADB3MS0wKwYDVQQuEyQ5OWYz\nYjQyMy03NDNmLTQ0ODUtODRmYi01ZTk4N2I2NDMxOWIxIzAhBgNVBAMTGkdvb2ds\nZSBDbG91ZCBTUUwgU2VydmVyIENBMRQwEgYDVQQKEwtHb29nbGUsIEluYzELMAkG\nA1UEBhMCVVMwHhcNMjMwODA5MTg0MDE0WhcNMzMwODA2MTg0MTE0WjB3MS0wKwYD\nVQQuEyQ5OWYzYjQyMy03NDNmLTQ0ODUtODRmYi01ZTk4N2I2NDMxOWIxIzAhBgNV\nBAMTGkdvb2dsZSBDbG91ZCBTUUwgU2VydmVyIENBMRQwEgYDVQQKEwtHb29nbGUs\nIEluYzELMAkGA1UEBhMCVVMwggEiMA0GCSqGSIb3DQEBAQUAA4IBDwAwggEKAoIB\nAQCYxPk+SmTD0Gb4p/+YgjPj2M4rF9PQNZxFXPJOgwTKMgnHoAL2fkzSZKQFZWwf\n3unT7A+2VdzFUt1OBVFrAtVx/htVLF4vrisM7vYEq95pEZ5zvvFBUxh/VGsknuZX\n6KebEEjIzXAS9ZKv4ZYDYobt+8i00mX+kVWmzXVgz1A4SPDEbHvZjI0gmlfSf/EV\nb8quNfMg/CHSJ7nC6RvTONdlMElhYXC0yRvOQdzabzJNO35D20UA2Woyb1dwSJKq\nMGa4USi+DDxYh5B2SiAVjNhtNzSI7RzltBebL14BfGUqfYX35nwftV67TZe+CSCU\nKC3C67zWUc7HzcpgKB5AaKdjAgMBAAGjFjAUMBIGA1UdEwEB/wQIMAYBAf8CAQAw\nDQYJKoZIhvcNAQELBQADggEBADqu3kN+oTAXMUlEy3vDSb/c/e37xEhHeBmBelYt\nckKJALM4OVFt0Dx6ls+Nu8bf1aG86TKxAGFrDx1OQ9/1Yr5/VTdR5TSzXQTf/zBh\nDL6g+gUb88X1V2yeueIpwE3pJi/ceBFuQggZQH9SLQ8aKY7rKx1QTdWJRNUFVnA6\nqwVa48EY3wv4FWbM25mLbr5heijRL+m5RtZUuM4NZGRSp8L7cXIqt1WfcMAKnmep\n49C8q9wmEBWUc22O6yEBYhc5HCjVUZxwEvtg7SbYBdsGL81Beu3Kfbfd0UN7Cz1K\npbYvWDI0f3YNVdU7BRIXXoMfuB6cNxwpfrJn4Dv6OYOdjFg=\n-----END CERTIFICATE-----",
                "common_name": "C=US,O=Google\\, Inc,CN=Google Cloud SQL Server CA,dnQualifier=99f3b423-743f-4485-84fb-5e987b64319b",
                "create_time": "2023-08-09T18:40:14.912Z",
                "expiration_time": "2033-08-06T18:41:14.912Z",
                "sha1_fingerprint": "275d82934135cd4b66aa521ee9ad939df0beb3e9"
              }
            ],
            "service_account_email_address": "p945956037789-ml17pv@gcp-sa-cloud-sql.iam.gserviceaccount.com",
            "settings": [
              {
                "activation_policy": "ALWAYS",
                "active_directory_config": [],
                "advanced_machine_features": [],
                "availability_type": "ZONAL",
                "backup_configuration": [
                  {
                    "backup_retention_settings": [
                      {
                        "retained_backups": 7,
                        "retention_unit": "COUNT"
                      }
                    ],
                    "binary_log_enabled": false,
                    "enabled": true,
                    "location": "",
                    "point_in_time_recovery_enabled": false,
                    "start_time": "09:00",
                    "transaction_log_retention_days": 7
                  }
                ],
                "collation": "",
                "connector_enforcement": "NOT_REQUIRED",
                "data_cache_config": [],
                "database_flags": [],
                "deletion_protection_enabled": false,
                "deny_maintenance_period": [],
                "disk_autoresize": true,
                "disk_autoresize_limit": 0,
                "disk_size": 10,
                "disk_type": "PD_SSD",
                "edition": "",
                "insights_config": [],
                "ip_configuration": [
                  {
                    "allocated_ip_range": "",
                    "authorized_networks": [],
                    "enable_private_path_for_google_cloud_services": false,
                    "ipv4_enabled": true,
                    "private_network": "projects/meta-falcon-395212/global/networks/meta-falcon-395212-vpc",
                    "require_ssl": false
                  }
                ],
                "location_preference": [
                  {
                    "follow_gae_application": "",
                    "secondary_zone": "",
                    "zone": "europe-west3-a"
                  }
                ],
                "maintenance_window": [],
                "password_validation_policy": [],
                "pricing_plan": "PER_USE",
                "sql_server_audit_config": [],
                "tier": "db-f1-micro",
                "time_zone": "",
                "user_labels": {},
                "version": 1
              }
            ],
            "timeouts": null
          },
          "sensitive_attributes": [],
          "private": "eyJlMmJmYjczMC1lY2FhLTExZTYtOGY4OC0zNDM2M2JjN2M0YzAiOnsiY3JlYXRlIjoyNDAwMDAwMDAwMDAwLCJkZWxldGUiOjE4MDAwMDAwMDAwMDAsInVwZGF0ZSI6MTgwMDAwMDAwMDAwMH19",
          "dependencies": [
            "google_compute_network.vpc"
          ]
        }
      ]
    }
  ],
  "check_results": null
}
